{
    "_meta": {
        "hash": {
            "sha256": "77e00eaa0543355a49cf4a75e638caa0d1860699c278707acdf433b5a9936f46"
        },
        "pipfile-spec": 6,
        "requires": {
            "python_version": "3.9"
        },
        "sources": [
            {
                "name": "pypi",
                "url": "https://pypi.org/simple",
                "verify_ssl": true
            }
        ]
    },
    "default": {
        "certifi": {
            "hashes": [
                "sha256:35824b4c3a97115964b408844d64aa14db1cc518f6562e8d7261699d1350a9e3",
                "sha256:4ad3232f5e926d6718ec31cfc1fcadfde020920e278684144551c91769c7bc18"
            ],
            "index": "pypi",
            "version": "==2022.12.7"
        },
        "charset-normalizer": {
            "hashes": [
                "sha256:2857e29ff0d34db842cd7ca3230549d1a697f96ee6d3fb071cfa6c7393832597",
                "sha256:6881edbebdb17b39b4eaaa821b438bf6eddffb4468cf344f09f89def34a8b1df"
            ],
            "markers": "python_version >= '3'",
            "version": "==2.0.12"
        },
        "greenlet": {
            "hashes": [
                "sha256:0109af1138afbfb8ae647e31a2b1ab030f58b21dd8528c27beaeb0093b7938a9",
                "sha256:0459d94f73265744fee4c2d5ec44c6f34aa8a31017e6e9de770f7bcf29710be9",
                "sha256:04957dc96669be041e0c260964cfef4c77287f07c40452e61abe19d647505581",
                "sha256:0722c9be0797f544a3ed212569ca3fe3d9d1a1b13942d10dd6f0e8601e484d26",
                "sha256:097e3dae69321e9100202fc62977f687454cd0ea147d0fd5a766e57450c569fd",
                "sha256:0b493db84d124805865adc587532ebad30efa68f79ad68f11b336e0a51ec86c2",
                "sha256:13ba6e8e326e2116c954074c994da14954982ba2795aebb881c07ac5d093a58a",
                "sha256:13ebf93c343dd8bd010cd98e617cb4c1c1f352a0cf2524c82d3814154116aa82",
                "sha256:1407fe45246632d0ffb7a3f4a520ba4e6051fc2cbd61ba1f806900c27f47706a",
                "sha256:1bf633a50cc93ed17e494015897361010fc08700d92676c87931d3ea464123ce",
                "sha256:2d0bac0385d2b43a7bd1d651621a4e0f1380abc63d6fb1012213a401cbd5bf8f",
                "sha256:3001d00eba6bbf084ae60ec7f4bb8ed375748f53aeaefaf2a37d9f0370558524",
                "sha256:356e4519d4dfa766d50ecc498544b44c0249b6de66426041d7f8b751de4d6b48",
                "sha256:38255a3f1e8942573b067510f9611fc9e38196077b0c8eb7a8c795e105f9ce77",
                "sha256:3d75b8d013086b08e801fbbb896f7d5c9e6ccd44f13a9241d2bf7c0df9eda928",
                "sha256:41b825d65f31e394b523c84db84f9383a2f7eefc13d987f308f4663794d2687e",
                "sha256:42e602564460da0e8ee67cb6d7236363ee5e131aa15943b6670e44e5c2ed0f67",
                "sha256:4aeaebcd91d9fee9aa768c1b39cb12214b30bf36d2b7370505a9f2165fedd8d9",
                "sha256:4c8b1c43e75c42a6cafcc71defa9e01ead39ae80bd733a2608b297412beede68",
                "sha256:4d37990425b4687ade27810e3b1a1c37825d242ebc275066cfee8cb6b8829ccd",
                "sha256:4f09b0010e55bec3239278f642a8a506b91034f03a4fb28289a7d448a67f1515",
                "sha256:505138d4fa69462447a562a7c2ef723c6025ba12ac04478bc1ce2fcc279a2db5",
                "sha256:5067920de254f1a2dee8d3d9d7e4e03718e8fd2d2d9db962c8c9fa781ae82a39",
                "sha256:56961cfca7da2fdd178f95ca407fa330c64f33289e1804b592a77d5593d9bd94",
                "sha256:5a8e05057fab2a365c81abc696cb753da7549d20266e8511eb6c9d9f72fe3e92",
                "sha256:659f167f419a4609bc0516fb18ea69ed39dbb25594934bd2dd4d0401660e8a1e",
                "sha256:662e8f7cad915ba75d8017b3e601afc01ef20deeeabf281bd00369de196d7726",
                "sha256:6f61d71bbc9b4a3de768371b210d906726535d6ca43506737682caa754b956cd",
                "sha256:72b00a8e7c25dcea5946692a2485b1a0c0661ed93ecfedfa9b6687bd89a24ef5",
                "sha256:811e1d37d60b47cb8126e0a929b58c046251f28117cb16fcd371eed61f66b764",
                "sha256:81b0ea3715bf6a848d6f7149d25bf018fd24554a4be01fcbbe3fdc78e890b955",
                "sha256:88c8d517e78acdf7df8a2134a3c4b964415b575d2840a2746ddb1cc6175f8608",
                "sha256:8dca09dedf1bd8684767bc736cc20c97c29bc0c04c413e3276e0962cd7aeb148",
                "sha256:974a39bdb8c90a85982cdb78a103a32e0b1be986d411303064b28a80611f6e51",
                "sha256:9e112e03d37987d7b90c1e98ba5e1b59e1645226d78d73282f45b326f7bddcb9",
                "sha256:9e9744c657d896c7b580455e739899e492a4a452e2dd4d2b3e459f6b244a638d",
                "sha256:9ed358312e63bf683b9ef22c8e442ef6c5c02973f0c2a939ec1d7b50c974015c",
                "sha256:9f2c221eecb7ead00b8e3ddb913c67f75cba078fd1d326053225a3f59d850d72",
                "sha256:a20d33124935d27b80e6fdacbd34205732660e0a1d35d8b10b3328179a2b51a1",
                "sha256:a4c0757db9bd08470ff8277791795e70d0bf035a011a528ee9a5ce9454b6cba2",
                "sha256:afe07421c969e259e9403c3bb658968702bc3b78ec0b6fde3ae1e73440529c23",
                "sha256:b1992ba9d4780d9af9726bbcef6a1db12d9ab1ccc35e5773685a24b7fb2758eb",
                "sha256:b23d2a46d53210b498e5b701a1913697671988f4bf8e10f935433f6e7c332fb6",
                "sha256:b5e83e4de81dcc9425598d9469a624826a0b1211380ac444c7c791d4a2137c19",
                "sha256:be35822f35f99dcc48152c9839d0171a06186f2d71ef76dc57fa556cc9bf6b45",
                "sha256:be9e0fb2ada7e5124f5282d6381903183ecc73ea019568d6d63d33f25b2a9000",
                "sha256:c140e7eb5ce47249668056edf3b7e9900c6a2e22fb0eaf0513f18a1b2c14e1da",
                "sha256:c6a08799e9e88052221adca55741bf106ec7ea0710bca635c208b751f0d5b617",
                "sha256:cb242fc2cda5a307a7698c93173d3627a2a90d00507bccf5bc228851e8304963",
                "sha256:cce1e90dd302f45716a7715517c6aa0468af0bf38e814ad4eab58e88fc09f7f7",
                "sha256:cd4ccc364cf75d1422e66e247e52a93da6a9b73cefa8cad696f3cbbb75af179d",
                "sha256:d21681f09e297a5adaa73060737e3aa1279a13ecdcfcc6ef66c292cb25125b2d",
                "sha256:d38ffd0e81ba8ef347d2be0772e899c289b59ff150ebbbbe05dc61b1246eb4e0",
                "sha256:d566b82e92ff2e09dd6342df7e0eb4ff6275a3f08db284888dcd98134dbd4243",
                "sha256:d5b0ff9878333823226d270417f24f4d06f235cb3e54d1103b71ea537a6a86ce",
                "sha256:d6ee1aa7ab36475035eb48c01efae87d37936a8173fc4d7b10bb02c2d75dd8f6",
                "sha256:db38f80540083ea33bdab614a9d28bcec4b54daa5aff1668d7827a9fc769ae0a",
                "sha256:ea688d11707d30e212e0110a1aac7f7f3f542a259235d396f88be68b649e47d1",
                "sha256:f6327b6907b4cb72f650a5b7b1be23a2aab395017aa6f1adb13069d66360eb3f",
                "sha256:fb412b7db83fe56847df9c47b6fe3f13911b06339c2aa02dcc09dce8bbf582cd"
            ],
            "markers": "python_version >= '3'",
            "version": "==2.0.1"
        },
        "idna": {
            "hashes": [
                "sha256:814f528e8dead7d329833b91c5faa87d60bf71824cd12a7530b5526063d02cb4",
                "sha256:90b77e79eaa3eba6de819a0c442c0b4ceefc341a7a2ab77d7562bf49f425c5c2"
            ],
            "markers": "python_version >= '3'",
            "version": "==3.4"
        },
        "inject": {
            "hashes": [
                "sha256:7f996f2c9ed2082af776ddf6b528d97036898ac63040385feb1d12286a73c3cc"
            ],
            "index": "pypi",
            "version": "==4.3.1"
        },
        "pyqt5": {
            "hashes": [
                "sha256:213bebd51821ed89b4d5b35bb10dbe67564228b3568f463a351a08e8b1677025",
                "sha256:2a69597e0dd11caabe75fae133feca66387819fc9bc050f547e5551bce97e5be",
                "sha256:883a549382fc22d29a0568f3ef20b38c8e7ab633a59498ac4eb63a3bf36d3fd3",
                "sha256:8c0848ba790a895801d5bfd171da31cad3e551dbcc4e59677a3b622de2ceca98",
                "sha256:a88526a271e846e44779bb9ad7a738c6d3c4a9d01e15a128ecfc6dd4696393b7"
            ],
            "index": "pypi",
            "version": "==5.15.4"
        },
        "pyqt5-qt5": {
            "hashes": [
                "sha256:1988f364ec8caf87a6ee5d5a3a5210d57539988bf8e84714c7d60972692e2f4a",
                "sha256:750b78e4dba6bdf1607febedc08738e318ea09e9b10aea9ff0d73073f11f6962",
                "sha256:76980cd3d7ae87e3c7a33bfebfaee84448fd650bad6840471d6cae199b56e154",
                "sha256:9cc7a768b1921f4b982ebc00a318ccb38578e44e45316c7a4a850e953e1dd327"
            ],
            "version": "==5.15.2"
        },
        "pyqt5-sip": {
            "hashes": [
                "sha256:0f77655c62ec91d47c2c99143f248624d44dd2d8a12d016e7c020508ad418aca",
                "sha256:205f3e1b3eea3597d8e878936c1a06e04bd23a59e8b179ee806465d72eea3071",
                "sha256:3126c84568ab341c12e46ded2230f62a9a78752a70fdab13713f89a71cd44f73",
                "sha256:4031547dfb679be309094bfa79254f5badc5ddbe66b9ad38e319d84a7d612443",
                "sha256:42320e7a94b1085ed85d49794ed4ccfe86f1cae80b44a894db908a8aba2bc60e",
                "sha256:43dfe6dd409e713edeb67019b85419a7a0dc9923bfc451d6cf3778471c122532",
                "sha256:4e5c1559311515291ea0ab0635529f14536954e3b973a7c7890ab7e4de1c2c23",
                "sha256:51e377789d59196213eddf458e6927f33ba9d217b614d17d20df16c9a8b2c41c",
                "sha256:686071be054e5be6ca5aaaef7960931d4ba917277e839e2e978c7cbe3f43bb6e",
                "sha256:9356260d4feb60dbac0ab66f8a791a0d2cda1bf98c9dec8e575904a045fbf7c5",
                "sha256:9bca450c5306890cb002fe36bbca18f979dd9e5b810b766dce8e3ce5e66ba795",
                "sha256:ad21ca0ee8cae2a41b61fc04949dccfab6fe008749627d94e8c7078cb7a73af1",
                "sha256:afa4ffffc54e306669bf2b66ea37abbc56c5cdda4f3f474d20324e3634302b12",
                "sha256:b4710fd85b57edef716cc55fae45bfd5bfac6fc7ba91036f1dcc3f331ca0eb39",
                "sha256:b69a1911f768b489846335e31e49eb34795c6b5a038ca24d894d751e3b0b44da",
                "sha256:bd733667098cac70e89279d9c239106d543fb480def62a44e6366ccb8f68510b",
                "sha256:d12b81c3a08abf7657a2ebc7d3649852a1f327eb2146ebadf45930486d32e920",
                "sha256:ec1d8ce50be76c5c1d1c86c6dc0ccacc2446172dde98b663a17871f532f9bd44",
                "sha256:ec5e9ef78852e1f96f86d7e15c9215878422b83dde36d44f1539a3062942f19c",
                "sha256:f1f9e312ff8284d6dfebc5366f6f7d103f84eec23a4da0be0482403933e68660",
                "sha256:f6b72035da4e8fecbb0bc4a972e30a5674a9ad5608dbddaa517e983782dbf3bf"
            ],
            "markers": "python_version >= '3.7'",
            "version": "==12.11.0"
        },
        "requests": {
            "hashes": [
                "sha256:6c1246513ecd5ecd4528a0906f910e8f0f9c6b8ec72030dc9fd154dc1a6efd24",
                "sha256:b8aa58f8cf793ffd8782d3d8cb19e66ef36f7aba4353eec859e74678b01b07a7"
            ],
            "index": "pypi",
            "version": "==2.26.0"
        },
        "sqlalchemy": {
            "hashes": [
                "sha256:09dbb4bc01a734ccddbf188deb2a69aede4b3c153a72b6d5c6900be7fb2945b1",
                "sha256:12bac5fa1a6ea870bdccb96fe01610641dd44ebe001ed91ef7fcd980e9702db5",
                "sha256:1fdae7d980a2fa617d119d0dc13ecb5c23cc63a8b04ffcb5298f2c59d86851e9",
                "sha256:26daa429f039e29b1e523bf763bfab17490556b974c77b5ca7acb545b9230e9a",
                "sha256:36a089dc604032d41343d86290ce85d4e6886012eea73faa88001260abf5ff81",
                "sha256:39b5d36ab71f73c068cdcf70c38075511de73616e6c7fdd112d6268c2704d9f5",
                "sha256:4014978de28163cd8027434916a92d0f5bb1a3a38dff5e8bf8bff4d9372a9117",
                "sha256:44d23ea797a5e0be71bc5454b9ae99158ea0edc79e2393c6e9a2354de88329c0",
                "sha256:488608953385d6c127d2dcbc4b11f8d7f2f30b89f6bd27c01b042253d985cc2f",
                "sha256:5102b9face693e8b2db3b2539c7e1a5d9a5b4dc0d79967670626ffd2f710d6e6",
                "sha256:5908ea6c652a050d768580d01219c98c071e71910ab8e7b42c02af4010608397",
                "sha256:5d856cc50fd26fc8dd04892ed5a5a3d7eeb914fea2c2e484183e2d84c14926e0",
                "sha256:68393d3fd31469845b6ba11f5b4209edbea0b58506be0e077aafbf9aa2e21e11",
                "sha256:6a16c7c4452293da5143afa3056680db2d187b380b3ef4d470d4e29885720de3",
                "sha256:756f5d2f5b92d27450167247fb574b09c4cd192a3f8c2e493b3e518a204ee543",
                "sha256:891927a49b2363a4199763a9d436d97b0b42c65922a4ea09025600b81a00d17e",
                "sha256:9bfe882d5a1bbde0245dca0bd48da0976bd6634cf2041d2fdf0417c5463e40e5",
                "sha256:9fcbb4b4756b250ed19adc5e28c005b8ed56fdb5c21efa24c6822c0575b4964d",
                "sha256:a00d9c6d3a8afe1d1681cd8a5266d2f0ed684b0b44bada2ca82403b9e8b25d39",
                "sha256:a5e14cb0c0a4ac095395f24575a0e7ab5d1be27f5f9347f1762f21505e3ba9f1",
                "sha256:b48148ceedfb55f764562e04c00539bb9ea72bf07820ca15a594a9a049ff6b0e",
                "sha256:b7fb937c720847879c7402fe300cfdb2aeff22349fa4ea3651bca4e2d6555939",
                "sha256:bc34a007e604091ca3a4a057525efc4cefd2b7fe970f44d20b9cfa109ab1bddb",
                "sha256:c9373ef67a127799027091fa53449125351a8c943ddaa97bec4e99271dbb21f4",
                "sha256:d09a760b0a045b4d799102ae7965b5491ccf102123f14b2a8cc6c01d1021a2d9",
                "sha256:ec1be26cdccd60d180359a527d5980d959a26269a2c7b1b327a1eea0cab37ed8",
                "sha256:eedd76f135461cf237534a6dc0d1e0f6bb88a1dc193678fab48a11d223462da5",
                "sha256:f028ef6a1d828bc754852a022b2160e036202ac8658a6c7d34875aafd14a9a15",
                "sha256:f814d80844969b0d22ea63663da4de5ca1c434cfbae226188901e5d368792c17",
                "sha256:fd2102a8f8a659522719ed73865dff3d3cc76eb0833039dc473e0ad3041d04be"
            ],
            "index": "pypi",
            "version": "==1.4.22"
        },
        "urllib3": {
            "hashes": [
                "sha256:47cc05d99aaa09c9e72ed5809b60e7ba354e64b59c9c173ac3018642d8bb41fc",
                "sha256:c083dd0dce68dbfbe1129d5271cb90f9447dea7d52097c6e0126120c521ddea8"
            ],
            "markers": "python_version >= '2.7' and python_version not in '3.0, 3.1, 3.2, 3.3, 3.4, 3.5'",
            "version": "==1.26.13"
        }
    },
    "develop": {
        "altgraph": {
            "hashes": [
                "sha256:ad33358114df7c9416cdb8fa1eaa5852166c505118717021c6a8c7c7abbd03dd",
                "sha256:c8ac1ca6772207179ed8003ce7687757c04b0b71536f81e2ac5755c6226458fe"
            ],
            "version": "==0.17.3"
        },
        "pyinstaller": {
            "hashes": [
                "sha256:30733baaf8971902286a0ddf77e5499ac5f7bf8e7c39163e83d4f8c696ef265e",
                "sha256:4d848cd782ee0893d7ad9fe2bfe535206a79f0b6760cecc5f2add831258b9322",
                "sha256:8f747b190e6ad30e2d2fd5da9a64636f61aac8c038c0b7f685efa92c782ea14f",
                "sha256:aae456205c68355f9597411090576bb31b614e53976b4c102d072bbe5db8392a",
                "sha256:c587da8f521a7ce1b9efb4e3d0117cd63c92dc6cedff24590aeef89372f53012",
                "sha256:ecc2baadeeefd2b6fbf39d13c65d4aa603afdda1c6aaaebc4577ba72893fee9e",
                "sha256:fed9f5e4802769a416a8f2ca171c6be961d1861cc05a0b71d20dfe05423137e9"
            ],
            "index": "pypi",
            "version": "==4.5.1"
        },
        "pyinstaller-hooks-contrib": {
            "hashes": [
                "sha256:1a125838a22d7b35a18993c6e56d3c5cc3ad7da00954f95bc5606523939203f2",
                "sha256:5ae8da3a92cf20e37b3e00604d0c3468896e7d746e5c1449473597a724331b0b"
            ],
            "markers": "python_version >= '3.7'",
            "version": "==2022.14"
        },
        "setuptools": {
            "hashes": [
                "sha256:57f6f22bde4e042978bcd50176fdb381d7c21a9efa4041202288d3737a0c6a54",
                "sha256:a7620757bf984b58deaf32fc8a4577a9bbc0850cf92c20e1ce41c38c19e5fb75"
            ],
            "markers": "python_version >= '3.7'",
            "version": "==65.6.3"
        }
    }
}
